
Microsoft Visual Studio Solution File, Format Version 12.00
# Visual Studio Version 17
VisualStudioVersion = 17.10.34928.147
MinimumVisualStudioVersion = 10.0.40219.1
Project("{FAE04EC0-301F-11D3-BF4B-00C04F79EFBC}") = "Fiap.Operacoes", "Fiap.Operacoes\Fiap.Operacoes.csproj", "{4CB4F0B1-3F08-4667-9EBD-61190F03EFDB}"
EndProject
Global
	GlobalSection(SolutionConfigurationPlatforms) = preSolution
		Debug|Any CPU = Debug|Any CPU
		Release|Any CPU = Release|Any CPU
	EndGlobalSection
	GlobalSection(ProjectConfigurationPlatforms) = postSolution
		{4CB4F0B1-3F08-4667-9EBD-61190F03EFDB}.Debug|Any CPU.ActiveCfg = Debug|Any CPU
		{4CB4F0B1-3F08-4667-9EBD-61190F03EFDB}.Debug|Any CPU.Build.0 = Debug|Any CPU
		{4CB4F0B1-3F08-4667-9EBD-61190F03EFDB}.Release|Any CPU.ActiveCfg = Release|Any CPU
		{4CB4F0B1-3F08-4667-9EBD-61190F03EFDB}.Release|Any CPU.Build.0 = Release|Any CPU
	EndGlobalSection
	GlobalSection(SolutionProperties) = preSolution
		HideSolutionNode = FALSE
	EndGlobalSection
	GlobalSection(ExtensibilityGlobals) = postSolution
		SolutionGuid = {69D7A06A-DABB-4A61-B003-BE0B41863108}
	EndGlobalSection
EndGlobal
